// !$*UTF8*$!
{
	archiveVersion = 1;
	classes = {
	};
	objectVersion = 56;
	objects = {

/* Begin PBXBuildFile section */
		C4C9E8992B5EC610006BA191 /* EssentialFeed.docc in Sources */ = {isa = PBXBuildFile; fileRef = C4C9E8982B5EC610006BA191 /* EssentialFeed.docc */; };
		C4C9E89F2B5EC611006BA191 /* EssentialFeed.framework in Frameworks */ = {isa = PBXBuildFile; fileRef = C4C9E8952B5EC610006BA191 /* EssentialFeed.framework */; };
		C4C9E8A62B5EC611006BA191 /* EssentialFeedTests.swift in Sources */ = {isa = PBXBuildFile; fileRef = C4C9E8A52B5EC611006BA191 /* EssentialFeedTests.swift */; };
		C4C9E8A72B5EC611006BA191 /* EssentialFeed.h in Headers */ = {isa = PBXBuildFile; fileRef = C4C9E8972B5EC610006BA191 /* EssentialFeed.h */; settings = {ATTRIBUTES = (Public, ); }; };
		C4C9E8B32B5FCAD9006BA191 /* RemoteFeedLoaderTests.swift in Sources */ = {isa = PBXBuildFile; fileRef = C42ACC4B2A8D3729008F1662 /* RemoteFeedLoaderTests.swift */; };
		C4C9E8B52B5FCB51006BA191 /* CacheFeedUseCaseTests.swift in Sources */ = {isa = PBXBuildFile; fileRef = C4C9E8B42B5FCB51006BA191 /* CacheFeedUseCaseTests.swift */; };
		C4C9E8B72B5FCB7E006BA191 /* LoadFeedFromCacheUseCaseTests.swift in Sources */ = {isa = PBXBuildFile; fileRef = C4C9E8B62B5FCB7E006BA191 /* LoadFeedFromCacheUseCaseTests.swift */; };
		C4C9E8BD2B5FCC47006BA191 /* FeedStoreSpy.swift in Sources */ = {isa = PBXBuildFile; fileRef = C4C9E8BC2B5FCC47006BA191 /* FeedStoreSpy.swift */; };
		C4C9E8BF2B5FCC6A006BA191 /* FeedCacheTestHelpers.swift in Sources */ = {isa = PBXBuildFile; fileRef = C4C9E8BE2B5FCC6A006BA191 /* FeedCacheTestHelpers.swift */; };
		C4C9E8C12B5FCCAB006BA191 /* ValidateFeedCacheUseCaseTests.swift in Sources */ = {isa = PBXBuildFile; fileRef = C4C9E8C02B5FCCAB006BA191 /* ValidateFeedCacheUseCaseTests.swift */; };
		C4C9E8C32B5FCCCC006BA191 /* CodableFeedStoreTests.swift in Sources */ = {isa = PBXBuildFile; fileRef = C4C9E8C22B5FCCCC006BA191 /* CodableFeedStoreTests.swift */; };
		C4C9E8C52B5FCCE4006BA191 /* FeedStoreSpecs.swift in Sources */ = {isa = PBXBuildFile; fileRef = C4C9E8C42B5FCCE4006BA191 /* FeedStoreSpecs.swift */; };
		C4C9E8C72B5FCCF6006BA191 /* XCTestCase+FeedStoreSpecs.swift in Sources */ = {isa = PBXBuildFile; fileRef = C4C9E8C62B5FCCF6006BA191 /* XCTestCase+FeedStoreSpecs.swift */; };
		C4C9E8C92B5FCDDB006BA191 /* Helper.swift in Sources */ = {isa = PBXBuildFile; fileRef = C4C9E8C82B5FCDDB006BA191 /* Helper.swift */; };
		C4C9E8CB2B5FCE2E006BA191 /* URLSessionHTTPClientTests.swift in Sources */ = {isa = PBXBuildFile; fileRef = C4C9E8CA2B5FCE2E006BA191 /* URLSessionHTTPClientTests.swift */; };
		C4C9E8CD2B5FCE5F006BA191 /* EndToEndTest.swift in Sources */ = {isa = PBXBuildFile; fileRef = C4C9E8CC2B5FCE5F006BA191 /* EndToEndTest.swift */; };
		C4C9E8CF2B5FCECA006BA191 /* XCtestCaseMemoryLeak.swift in Sources */ = {isa = PBXBuildFile; fileRef = C4C9E8CE2B5FCECA006BA191 /* XCtestCaseMemoryLeak.swift */; };
/* End PBXBuildFile section */

/* Begin PBXContainerItemProxy section */
		C4C9E8A02B5EC611006BA191 /* PBXContainerItemProxy */ = {
			isa = PBXContainerItemProxy;
			containerPortal = C45EDD112A40496500B75E74 /* Project object */;
			proxyType = 1;
			remoteGlobalIDString = C4C9E8942B5EC610006BA191;
			remoteInfo = EssentialFeed;
		};
/* End PBXContainerItemProxy section */

/* Begin PBXFileReference section */
		C42ACC442A8A624B008F1662 /* FeedItem.swift */ = {isa = PBXFileReference; lastKnownFileType = sourcecode.swift; path = FeedItem.swift; sourceTree = "<group>"; };
		C42ACC462A8A631C008F1662 /* FeedLoader.swift */ = {isa = PBXFileReference; lastKnownFileType = sourcecode.swift; path = FeedLoader.swift; sourceTree = "<group>"; };
		C42ACC4B2A8D3729008F1662 /* RemoteFeedLoaderTests.swift */ = {isa = PBXFileReference; lastKnownFileType = sourcecode.swift; path = RemoteFeedLoaderTests.swift; sourceTree = "<group>"; };
		C45345232A98240400B490EB /* RemoteFeedLoader.swift */ = {isa = PBXFileReference; lastKnownFileType = sourcecode.swift; path = RemoteFeedLoader.swift; sourceTree = "<group>"; };
		C45EDD252A40496500B75E74 /* Assets.xcassets */ = {isa = PBXFileReference; lastKnownFileType = folder.assetcatalog; path = Assets.xcassets; sourceTree = "<group>"; };
		C45EDD2A2A40496500B75E74 /* Info.plist */ = {isa = PBXFileReference; lastKnownFileType = text.plist.xml; path = Info.plist; sourceTree = "<group>"; };
		C45EDD4C2A40A4D900B75E74 /* Dependency.swift */ = {isa = PBXFileReference; lastKnownFileType = sourcecode.swift; path = Dependency.swift; sourceTree = "<group>"; };
		C4C9E87A2B5EC001006BA191 /* LocalFeedLoader.swift */ = {isa = PBXFileReference; lastKnownFileType = sourcecode.swift; path = LocalFeedLoader.swift; sourceTree = "<group>"; };
		C4C9E87C2B5EC02A006BA191 /* FeedStore.swift */ = {isa = PBXFileReference; lastKnownFileType = sourcecode.swift; path = FeedStore.swift; sourceTree = "<group>"; };
		C4C9E87E2B5EC044006BA191 /* LocalFeedImage.swift */ = {isa = PBXFileReference; lastKnownFileType = sourcecode.swift; path = LocalFeedImage.swift; sourceTree = "<group>"; };
		C4C9E8802B5EC053006BA191 /* FeedCachePolicy.swift */ = {isa = PBXFileReference; lastKnownFileType = sourcecode.swift; path = FeedCachePolicy.swift; sourceTree = "<group>"; };
		C4C9E8822B5EC06D006BA191 /* CodableFeedStore.swift */ = {isa = PBXFileReference; lastKnownFileType = sourcecode.swift; path = CodableFeedStore.swift; sourceTree = "<group>"; };
		C4C9E8852B5EC2AF006BA191 /* EssentialFeed.h */ = {isa = PBXFileReference; lastKnownFileType = sourcecode.c.h; path = EssentialFeed.h; sourceTree = "<group>"; };
		C4C9E8862B5EC4A4006BA191 /* HTTPClient.swift */ = {isa = PBXFileReference; lastKnownFileType = sourcecode.swift; path = HTTPClient.swift; sourceTree = "<group>"; };
		C4C9E8882B5EC4B5006BA191 /* FeedItemsMapper.swift */ = {isa = PBXFileReference; lastKnownFileType = sourcecode.swift; path = FeedItemsMapper.swift; sourceTree = "<group>"; };
		C4C9E88A2B5EC4E6006BA191 /* URLSessionHTTPClient.swift */ = {isa = PBXFileReference; lastKnownFileType = sourcecode.swift; path = URLSessionHTTPClient.swift; sourceTree = "<group>"; };
		C4C9E88E2B5EC573006BA191 /* FeedImage.swift */ = {isa = PBXFileReference; lastKnownFileType = sourcecode.swift; path = FeedImage.swift; sourceTree = "<group>"; };
		C4C9E8952B5EC610006BA191 /* EssentialFeed.framework */ = {isa = PBXFileReference; explicitFileType = wrapper.framework; includeInIndex = 0; path = EssentialFeed.framework; sourceTree = BUILT_PRODUCTS_DIR; };
		C4C9E8972B5EC610006BA191 /* EssentialFeed.h */ = {isa = PBXFileReference; lastKnownFileType = sourcecode.c.h; path = EssentialFeed.h; sourceTree = "<group>"; };
		C4C9E8982B5EC610006BA191 /* EssentialFeed.docc */ = {isa = PBXFileReference; lastKnownFileType = folder.documentationcatalog; path = EssentialFeed.docc; sourceTree = "<group>"; };
		C4C9E89E2B5EC610006BA191 /* EssentialFeedTests.xctest */ = {isa = PBXFileReference; explicitFileType = wrapper.cfbundle; includeInIndex = 0; path = EssentialFeedTests.xctest; sourceTree = BUILT_PRODUCTS_DIR; };
		C4C9E8A52B5EC611006BA191 /* EssentialFeedTests.swift */ = {isa = PBXFileReference; lastKnownFileType = sourcecode.swift; path = EssentialFeedTests.swift; sourceTree = "<group>"; };
		C4C9E8B42B5FCB51006BA191 /* CacheFeedUseCaseTests.swift */ = {isa = PBXFileReference; lastKnownFileType = sourcecode.swift; path = CacheFeedUseCaseTests.swift; sourceTree = "<group>"; };
		C4C9E8B62B5FCB7E006BA191 /* LoadFeedFromCacheUseCaseTests.swift */ = {isa = PBXFileReference; lastKnownFileType = sourcecode.swift; path = LoadFeedFromCacheUseCaseTests.swift; sourceTree = "<group>"; };
		C4C9E8BC2B5FCC47006BA191 /* FeedStoreSpy.swift */ = {isa = PBXFileReference; lastKnownFileType = sourcecode.swift; path = FeedStoreSpy.swift; sourceTree = "<group>"; };
		C4C9E8BE2B5FCC6A006BA191 /* FeedCacheTestHelpers.swift */ = {isa = PBXFileReference; lastKnownFileType = sourcecode.swift; path = FeedCacheTestHelpers.swift; sourceTree = "<group>"; };
		C4C9E8C02B5FCCAB006BA191 /* ValidateFeedCacheUseCaseTests.swift */ = {isa = PBXFileReference; lastKnownFileType = sourcecode.swift; path = ValidateFeedCacheUseCaseTests.swift; sourceTree = "<group>"; };
		C4C9E8C22B5FCCCC006BA191 /* CodableFeedStoreTests.swift */ = {isa = PBXFileReference; lastKnownFileType = sourcecode.swift; path = CodableFeedStoreTests.swift; sourceTree = "<group>"; };
		C4C9E8C42B5FCCE4006BA191 /* FeedStoreSpecs.swift */ = {isa = PBXFileReference; lastKnownFileType = sourcecode.swift; path = FeedStoreSpecs.swift; sourceTree = "<group>"; };
		C4C9E8C62B5FCCF6006BA191 /* XCTestCase+FeedStoreSpecs.swift */ = {isa = PBXFileReference; lastKnownFileType = sourcecode.swift; path = "XCTestCase+FeedStoreSpecs.swift"; sourceTree = "<group>"; };
		C4C9E8C82B5FCDDB006BA191 /* Helper.swift */ = {isa = PBXFileReference; lastKnownFileType = sourcecode.swift; path = Helper.swift; sourceTree = "<group>"; };
		C4C9E8CA2B5FCE2E006BA191 /* URLSessionHTTPClientTests.swift */ = {isa = PBXFileReference; lastKnownFileType = sourcecode.swift; path = URLSessionHTTPClientTests.swift; sourceTree = "<group>"; };
		C4C9E8CC2B5FCE5F006BA191 /* EndToEndTest.swift */ = {isa = PBXFileReference; lastKnownFileType = sourcecode.swift; path = EndToEndTest.swift; sourceTree = "<group>"; };
		C4C9E8CE2B5FCECA006BA191 /* XCtestCaseMemoryLeak.swift */ = {isa = PBXFileReference; lastKnownFileType = sourcecode.swift; path = XCtestCaseMemoryLeak.swift; sourceTree = "<group>"; };
/* End PBXFileReference section */

/* Begin PBXFrameworksBuildPhase section */
		C4C9E8922B5EC610006BA191 /* Frameworks */ = {
			isa = PBXFrameworksBuildPhase;
			buildActionMask = 2147483647;
			files = (
			);
			runOnlyForDeploymentPostprocessing = 0;
		};
		C4C9E89B2B5EC610006BA191 /* Frameworks */ = {
			isa = PBXFrameworksBuildPhase;
			buildActionMask = 2147483647;
			files = (
				C4C9E89F2B5EC611006BA191 /* EssentialFeed.framework in Frameworks */,
			);
			runOnlyForDeploymentPostprocessing = 0;
		};
/* End PBXFrameworksBuildPhase section */

/* Begin PBXGroup section */
		C42ACC432A8A6228008F1662 /* EssentialFeed */ = {
			isa = PBXGroup;
			children = (
				C4C9E8842B5EC08C006BA191 /* FeedCache */,
				C45345222A9823F000B490EB /* FeedApi */,
				C42ACC482A8A77A7008F1662 /* Feed Feature */,
				C4C9E8852B5EC2AF006BA191 /* EssentialFeed.h */,
			);
			path = EssentialFeed;
			sourceTree = "<group>";
		};
		C42ACC482A8A77A7008F1662 /* Feed Feature */ = {
			isa = PBXGroup;
			children = (
				C42ACC442A8A624B008F1662 /* FeedItem.swift */,
				C42ACC462A8A631C008F1662 /* FeedLoader.swift */,
				C4C9E88E2B5EC573006BA191 /* FeedImage.swift */,
			);
			path = "Feed Feature";
			sourceTree = "<group>";
		};
		C45345222A9823F000B490EB /* FeedApi */ = {
			isa = PBXGroup;
			children = (
				C45345232A98240400B490EB /* RemoteFeedLoader.swift */,
				C4C9E8862B5EC4A4006BA191 /* HTTPClient.swift */,
				C4C9E8882B5EC4B5006BA191 /* FeedItemsMapper.swift */,
				C4C9E88A2B5EC4E6006BA191 /* URLSessionHTTPClient.swift */,
			);
			path = FeedApi;
			sourceTree = "<group>";
		};
		C45EDD102A40496500B75E74 = {
			isa = PBXGroup;
			children = (
				C45EDD1B2A40496500B75E74 /* SwiftEssentialDeveloper */,
				C4C9E8962B5EC610006BA191 /* EssentialFeed */,
				C4C9E8A42B5EC611006BA191 /* EssentialFeedTests */,
				C45EDD1A2A40496500B75E74 /* Products */,
			);
			sourceTree = "<group>";
		};
		C45EDD1A2A40496500B75E74 /* Products */ = {
			isa = PBXGroup;
			children = (
				C4C9E8952B5EC610006BA191 /* EssentialFeed.framework */,
				C4C9E89E2B5EC610006BA191 /* EssentialFeedTests.xctest */,
			);
			name = Products;
			sourceTree = "<group>";
		};
		C45EDD1B2A40496500B75E74 /* SwiftEssentialDeveloper */ = {
			isa = PBXGroup;
			children = (
				C42ACC432A8A6228008F1662 /* EssentialFeed */,
				C45EDD4C2A40A4D900B75E74 /* Dependency.swift */,
				C45EDD252A40496500B75E74 /* Assets.xcassets */,
				C45EDD2A2A40496500B75E74 /* Info.plist */,
			);
			path = SwiftEssentialDeveloper;
			sourceTree = "<group>";
		};
		C4C9E8842B5EC08C006BA191 /* FeedCache */ = {
			isa = PBXGroup;
			children = (
				C4C9E87A2B5EC001006BA191 /* LocalFeedLoader.swift */,
				C4C9E87C2B5EC02A006BA191 /* FeedStore.swift */,
				C4C9E87E2B5EC044006BA191 /* LocalFeedImage.swift */,
				C4C9E8802B5EC053006BA191 /* FeedCachePolicy.swift */,
				C4C9E8822B5EC06D006BA191 /* CodableFeedStore.swift */,
				C4C9E8CE2B5FCECA006BA191 /* XCtestCaseMemoryLeak.swift */,
			);
			path = FeedCache;
			sourceTree = "<group>";
		};
		C4C9E8962B5EC610006BA191 /* EssentialFeed */ = {
			isa = PBXGroup;
			children = (
				C4C9E8972B5EC610006BA191 /* EssentialFeed.h */,
				C4C9E8982B5EC610006BA191 /* EssentialFeed.docc */,
			);
			path = EssentialFeed;
			sourceTree = "<group>";
		};
		C4C9E8A42B5EC611006BA191 /* EssentialFeedTests */ = {
			isa = PBXGroup;
			children = (
				C42ACC4B2A8D3729008F1662 /* RemoteFeedLoaderTests.swift */,
				C4C9E8B42B5FCB51006BA191 /* CacheFeedUseCaseTests.swift */,
				C4C9E8A52B5EC611006BA191 /* EssentialFeedTests.swift */,
				C4C9E8B62B5FCB7E006BA191 /* LoadFeedFromCacheUseCaseTests.swift */,
				C4C9E8BC2B5FCC47006BA191 /* FeedStoreSpy.swift */,
				C4C9E8BE2B5FCC6A006BA191 /* FeedCacheTestHelpers.swift */,
				C4C9E8C02B5FCCAB006BA191 /* ValidateFeedCacheUseCaseTests.swift */,
				C4C9E8C22B5FCCCC006BA191 /* CodableFeedStoreTests.swift */,
				C4C9E8C42B5FCCE4006BA191 /* FeedStoreSpecs.swift */,
				C4C9E8C62B5FCCF6006BA191 /* XCTestCase+FeedStoreSpecs.swift */,
				C4C9E8C82B5FCDDB006BA191 /* Helper.swift */,
				C4C9E8CA2B5FCE2E006BA191 /* URLSessionHTTPClientTests.swift */,
				C4C9E8CC2B5FCE5F006BA191 /* EndToEndTest.swift */,
			);
			path = EssentialFeedTests;
			sourceTree = "<group>";
		};
/* End PBXGroup section */

/* Begin PBXHeadersBuildPhase section */
		C4C9E8902B5EC610006BA191 /* Headers */ = {
			isa = PBXHeadersBuildPhase;
			buildActionMask = 2147483647;
			files = (
				C4C9E8A72B5EC611006BA191 /* EssentialFeed.h in Headers */,
			);
			runOnlyForDeploymentPostprocessing = 0;
		};
/* End PBXHeadersBuildPhase section */

/* Begin PBXNativeTarget section */
		C4C9E8942B5EC610006BA191 /* EssentialFeed */ = {
			isa = PBXNativeTarget;
			buildConfigurationList = C4C9E8AC2B5EC611006BA191 /* Build configuration list for PBXNativeTarget "EssentialFeed" */;
			buildPhases = (
				C4C9E8902B5EC610006BA191 /* Headers */,
				C4C9E8912B5EC610006BA191 /* Sources */,
				C4C9E8922B5EC610006BA191 /* Frameworks */,
				C4C9E8932B5EC610006BA191 /* Resources */,
			);
			buildRules = (
			);
			dependencies = (
			);
			name = EssentialFeed;
			productName = EssentialFeed;
			productReference = C4C9E8952B5EC610006BA191 /* EssentialFeed.framework */;
			productType = "com.apple.product-type.framework";
		};
		C4C9E89D2B5EC610006BA191 /* EssentialFeedTests */ = {
			isa = PBXNativeTarget;
			buildConfigurationList = C4C9E8B02B5EC611006BA191 /* Build configuration list for PBXNativeTarget "EssentialFeedTests" */;
			buildPhases = (
				C4C9E89A2B5EC610006BA191 /* Sources */,
				C4C9E89B2B5EC610006BA191 /* Frameworks */,
				C4C9E89C2B5EC610006BA191 /* Resources */,
			);
			buildRules = (
			);
			dependencies = (
				C4C9E8A12B5EC611006BA191 /* PBXTargetDependency */,
			);
			name = EssentialFeedTests;
			productName = EssentialFeedTests;
			productReference = C4C9E89E2B5EC610006BA191 /* EssentialFeedTests.xctest */;
			productType = "com.apple.product-type.bundle.unit-test";
		};
/* End PBXNativeTarget section */

/* Begin PBXProject section */
		C45EDD112A40496500B75E74 /* Project object */ = {
			isa = PBXProject;
			attributes = {
				BuildIndependentTargetsInParallel = 1;
				LastSwiftUpdateCheck = 1500;
				LastUpgradeCheck = 1500;
				TargetAttributes = {
					C4C9E8942B5EC610006BA191 = {
						CreatedOnToolsVersion = 15.0.1;
					};
					C4C9E89D2B5EC610006BA191 = {
						CreatedOnToolsVersion = 15.0.1;
						TestTargetID = C45EDD182A40496500B75E74;
					};
				};
			};
			buildConfigurationList = C45EDD142A40496500B75E74 /* Build configuration list for PBXProject "SwiftEssentialDeveloper" */;
			compatibilityVersion = "Xcode 14.0";
			developmentRegion = en;
			hasScannedForEncodings = 0;
			knownRegions = (
				en,
				Base,
			);
			mainGroup = C45EDD102A40496500B75E74;
			productRefGroup = C45EDD1A2A40496500B75E74 /* Products */;
			projectDirPath = "";
			projectRoot = "";
			targets = (
				C4C9E8942B5EC610006BA191 /* EssentialFeed */,
				C4C9E89D2B5EC610006BA191 /* EssentialFeedTests */,
			);
		};
/* End PBXProject section */

/* Begin PBXResourcesBuildPhase section */
		C4C9E8932B5EC610006BA191 /* Resources */ = {
			isa = PBXResourcesBuildPhase;
			buildActionMask = 2147483647;
			files = (
			);
			runOnlyForDeploymentPostprocessing = 0;
		};
		C4C9E89C2B5EC610006BA191 /* Resources */ = {
			isa = PBXResourcesBuildPhase;
			buildActionMask = 2147483647;
			files = (
			);
			runOnlyForDeploymentPostprocessing = 0;
		};
/* End PBXResourcesBuildPhase section */

/* Begin PBXSourcesBuildPhase section */
		C4C9E8912B5EC610006BA191 /* Sources */ = {
			isa = PBXSourcesBuildPhase;
			buildActionMask = 2147483647;
			files = (
				C4C9E8992B5EC610006BA191 /* EssentialFeed.docc in Sources */,
			);
			runOnlyForDeploymentPostprocessing = 0;
		};
		C4C9E89A2B5EC610006BA191 /* Sources */ = {
			isa = PBXSourcesBuildPhase;
			buildActionMask = 2147483647;
			files = (
				C4C9E8CF2B5FCECA006BA191 /* XCtestCaseMemoryLeak.swift in Sources */,
				C4C9E8C92B5FCDDB006BA191 /* Helper.swift in Sources */,
				C4C9E8C12B5FCCAB006BA191 /* ValidateFeedCacheUseCaseTests.swift in Sources */,
				C4C9E8C52B5FCCE4006BA191 /* FeedStoreSpecs.swift in Sources */,
				C4C9E8B32B5FCAD9006BA191 /* RemoteFeedLoaderTests.swift in Sources */,
				C4C9E8CD2B5FCE5F006BA191 /* EndToEndTest.swift in Sources */,
				C4C9E8C72B5FCCF6006BA191 /* XCTestCase+FeedStoreSpecs.swift in Sources */,
				C4C9E8A62B5EC611006BA191 /* EssentialFeedTests.swift in Sources */,
				C4C9E8BD2B5FCC47006BA191 /* FeedStoreSpy.swift in Sources */,
				C4C9E8CB2B5FCE2E006BA191 /* URLSessionHTTPClientTests.swift in Sources */,
				C4C9E8C32B5FCCCC006BA191 /* CodableFeedStoreTests.swift in Sources */,
				C4C9E8B72B5FCB7E006BA191 /* LoadFeedFromCacheUseCaseTests.swift in Sources */,
				C4C9E8BF2B5FCC6A006BA191 /* FeedCacheTestHelpers.swift in Sources */,
				C4C9E8B52B5FCB51006BA191 /* CacheFeedUseCaseTests.swift in Sources */,
			);
			runOnlyForDeploymentPostprocessing = 0;
		};
/* End PBXSourcesBuildPhase section */

/* Begin PBXTargetDependency section */
		C4C9E8A12B5EC611006BA191 /* PBXTargetDependency */ = {
			isa = PBXTargetDependency;
			target = C4C9E8942B5EC610006BA191 /* EssentialFeed */;
			targetProxy = C4C9E8A02B5EC611006BA191 /* PBXContainerItemProxy */;
		};
/* End PBXTargetDependency section */

/* Begin XCBuildConfiguration section */
		C45EDD412A40496600B75E74 /* Debug */ = {
			isa = XCBuildConfiguration;
			buildSettings = {
				ALWAYS_SEARCH_USER_PATHS = NO;
				CLANG_ANALYZER_NONNULL = YES;
				CLANG_ANALYZER_NUMBER_OBJECT_CONVERSION = YES_AGGRESSIVE;
				CLANG_CXX_LANGUAGE_STANDARD = "gnu++20";
				CLANG_ENABLE_MODULES = YES;
				CLANG_ENABLE_OBJC_ARC = YES;
				CLANG_ENABLE_OBJC_WEAK = YES;
				CLANG_WARN_BLOCK_CAPTURE_AUTORELEASING = YES;
				CLANG_WARN_BOOL_CONVERSION = YES;
				CLANG_WARN_COMMA = YES;
				CLANG_WARN_CONSTANT_CONVERSION = YES;
				CLANG_WARN_DEPRECATED_OBJC_IMPLEMENTATIONS = YES;
				CLANG_WARN_DIRECT_OBJC_ISA_USAGE = YES_ERROR;
				CLANG_WARN_DOCUMENTATION_COMMENTS = YES;
				CLANG_WARN_EMPTY_BODY = YES;
				CLANG_WARN_ENUM_CONVERSION = YES;
				CLANG_WARN_INFINITE_RECURSION = YES;
				CLANG_WARN_INT_CONVERSION = YES;
				CLANG_WARN_NON_LITERAL_NULL_CONVERSION = YES;
				CLANG_WARN_OBJC_IMPLICIT_RETAIN_SELF = YES;
				CLANG_WARN_OBJC_LITERAL_CONVERSION = YES;
				CLANG_WARN_OBJC_ROOT_CLASS = YES_ERROR;
				CLANG_WARN_QUOTED_INCLUDE_IN_FRAMEWORK_HEADER = YES;
				CLANG_WARN_RANGE_LOOP_ANALYSIS = YES;
				CLANG_WARN_STRICT_PROTOTYPES = YES;
				CLANG_WARN_SUSPICIOUS_MOVE = YES;
				CLANG_WARN_UNGUARDED_AVAILABILITY = YES_AGGRESSIVE;
				CLANG_WARN_UNREACHABLE_CODE = YES;
				CLANG_WARN__DUPLICATE_METHOD_MATCH = YES;
				COPY_PHASE_STRIP = NO;
				DEBUG_INFORMATION_FORMAT = dwarf;
				ENABLE_STRICT_OBJC_MSGSEND = YES;
				ENABLE_TESTABILITY = YES;
				ENABLE_USER_SCRIPT_SANDBOXING = YES;
				GCC_C_LANGUAGE_STANDARD = gnu11;
				GCC_DYNAMIC_NO_PIC = NO;
				GCC_NO_COMMON_BLOCKS = YES;
				GCC_OPTIMIZATION_LEVEL = 0;
				GCC_PREPROCESSOR_DEFINITIONS = (
					"DEBUG=1",
					"$(inherited)",
				);
				GCC_WARN_64_TO_32_BIT_CONVERSION = YES;
				GCC_WARN_ABOUT_RETURN_TYPE = YES_ERROR;
				GCC_WARN_UNDECLARED_SELECTOR = YES;
				GCC_WARN_UNINITIALIZED_AUTOS = YES_AGGRESSIVE;
				GCC_WARN_UNUSED_FUNCTION = YES;
				GCC_WARN_UNUSED_VARIABLE = YES;
				IPHONEOS_DEPLOYMENT_TARGET = 16.4;
				MTL_ENABLE_DEBUG_INFO = INCLUDE_SOURCE;
				MTL_FAST_MATH = YES;
				ONLY_ACTIVE_ARCH = YES;
				SDKROOT = iphoneos;
				SWIFT_ACTIVE_COMPILATION_CONDITIONS = DEBUG;
				SWIFT_OPTIMIZATION_LEVEL = "-Onone";
			};
			name = Debug;
		};
		C45EDD422A40496600B75E74 /* Release */ = {
			isa = XCBuildConfiguration;
			buildSettings = {
				ALWAYS_SEARCH_USER_PATHS = NO;
				CLANG_ANALYZER_NONNULL = YES;
				CLANG_ANALYZER_NUMBER_OBJECT_CONVERSION = YES_AGGRESSIVE;
				CLANG_CXX_LANGUAGE_STANDARD = "gnu++20";
				CLANG_ENABLE_MODULES = YES;
				CLANG_ENABLE_OBJC_ARC = YES;
				CLANG_ENABLE_OBJC_WEAK = YES;
				CLANG_WARN_BLOCK_CAPTURE_AUTORELEASING = YES;
				CLANG_WARN_BOOL_CONVERSION = YES;
				CLANG_WARN_COMMA = YES;
				CLANG_WARN_CONSTANT_CONVERSION = YES;
				CLANG_WARN_DEPRECATED_OBJC_IMPLEMENTATIONS = YES;
				CLANG_WARN_DIRECT_OBJC_ISA_USAGE = YES_ERROR;
				CLANG_WARN_DOCUMENTATION_COMMENTS = YES;
				CLANG_WARN_EMPTY_BODY = YES;
				CLANG_WARN_ENUM_CONVERSION = YES;
				CLANG_WARN_INFINITE_RECURSION = YES;
				CLANG_WARN_INT_CONVERSION = YES;
				CLANG_WARN_NON_LITERAL_NULL_CONVERSION = YES;
				CLANG_WARN_OBJC_IMPLICIT_RETAIN_SELF = YES;
				CLANG_WARN_OBJC_LITERAL_CONVERSION = YES;
				CLANG_WARN_OBJC_ROOT_CLASS = YES_ERROR;
				CLANG_WARN_QUOTED_INCLUDE_IN_FRAMEWORK_HEADER = YES;
				CLANG_WARN_RANGE_LOOP_ANALYSIS = YES;
				CLANG_WARN_STRICT_PROTOTYPES = YES;
				CLANG_WARN_SUSPICIOUS_MOVE = YES;
				CLANG_WARN_UNGUARDED_AVAILABILITY = YES_AGGRESSIVE;
				CLANG_WARN_UNREACHABLE_CODE = YES;
				CLANG_WARN__DUPLICATE_METHOD_MATCH = YES;
				COPY_PHASE_STRIP = NO;
				DEBUG_INFORMATION_FORMAT = "dwarf-with-dsym";
				ENABLE_NS_ASSERTIONS = NO;
				ENABLE_STRICT_OBJC_MSGSEND = YES;
				ENABLE_USER_SCRIPT_SANDBOXING = YES;
				GCC_C_LANGUAGE_STANDARD = gnu11;
				GCC_NO_COMMON_BLOCKS = YES;
				GCC_WARN_64_TO_32_BIT_CONVERSION = YES;
				GCC_WARN_ABOUT_RETURN_TYPE = YES_ERROR;
				GCC_WARN_UNDECLARED_SELECTOR = YES;
				GCC_WARN_UNINITIALIZED_AUTOS = YES_AGGRESSIVE;
				GCC_WARN_UNUSED_FUNCTION = YES;
				GCC_WARN_UNUSED_VARIABLE = YES;
				IPHONEOS_DEPLOYMENT_TARGET = 16.4;
				MTL_ENABLE_DEBUG_INFO = NO;
				MTL_FAST_MATH = YES;
				SDKROOT = iphoneos;
				SWIFT_COMPILATION_MODE = wholemodule;
				SWIFT_OPTIMIZATION_LEVEL = "-O";
				VALIDATE_PRODUCT = YES;
			};
			name = Release;
		};
		C4C9E8AD2B5EC611006BA191 /* Debug */ = {
			isa = XCBuildConfiguration;
			buildSettings = {
				ASSETCATALOG_COMPILER_GENERATE_SWIFT_ASSET_SYMBOL_EXTENSIONS = YES;
				CODE_SIGN_STYLE = Automatic;
				COMBINE_HIDPI_IMAGES = YES;
				CURRENT_PROJECT_VERSION = 1;
				DEFINES_MODULE = YES;
				DEVELOPMENT_TEAM = FGP9T53Z66;
				DYLIB_COMPATIBILITY_VERSION = 1;
				DYLIB_CURRENT_VERSION = 1;
				DYLIB_INSTALL_NAME_BASE = "@rpath";
				ENABLE_MODULE_VERIFIER = YES;
				GCC_C_LANGUAGE_STANDARD = gnu17;
				GENERATE_INFOPLIST_FILE = YES;
				INFOPLIST_KEY_NSHumanReadableCopyright = "";
				INSTALL_PATH = "$(LOCAL_LIBRARY_DIR)/Frameworks";
				LD_RUNPATH_SEARCH_PATHS = (
					"$(inherited)",
					"@executable_path/../Frameworks",
					"@loader_path/Frameworks",
				);
				LOCALIZATION_PREFERS_STRING_CATALOGS = YES;
				MACOSX_DEPLOYMENT_TARGET = 14.0;
				MARKETING_VERSION = 1.0;
				MODULE_VERIFIER_SUPPORTED_LANGUAGES = "objective-c objective-c++";
				MODULE_VERIFIER_SUPPORTED_LANGUAGE_STANDARDS = "gnu17 gnu++20";
				PRODUCT_BUNDLE_IDENTIFIER = helloWorld.EssentialFeed;
				PRODUCT_NAME = "$(TARGET_NAME:c99extidentifier)";
				SDKROOT = macosx;
				SKIP_INSTALL = YES;
				SWIFT_ACTIVE_COMPILATION_CONDITIONS = "DEBUG $(inherited)";
				SWIFT_EMIT_LOC_STRINGS = YES;
				SWIFT_VERSION = 5.0;
				VERSIONING_SYSTEM = "apple-generic";
				VERSION_INFO_PREFIX = "";
			};
			name = Debug;
		};
		C4C9E8AE2B5EC611006BA191 /* Release */ = {
			isa = XCBuildConfiguration;
			buildSettings = {
				ASSETCATALOG_COMPILER_GENERATE_SWIFT_ASSET_SYMBOL_EXTENSIONS = YES;
				CODE_SIGN_STYLE = Automatic;
				COMBINE_HIDPI_IMAGES = YES;
				CURRENT_PROJECT_VERSION = 1;
				DEFINES_MODULE = YES;
				DEVELOPMENT_TEAM = FGP9T53Z66;
				DYLIB_COMPATIBILITY_VERSION = 1;
				DYLIB_CURRENT_VERSION = 1;
				DYLIB_INSTALL_NAME_BASE = "@rpath";
				ENABLE_MODULE_VERIFIER = YES;
				GCC_C_LANGUAGE_STANDARD = gnu17;
				GENERATE_INFOPLIST_FILE = YES;
				INFOPLIST_KEY_NSHumanReadableCopyright = "";
				INSTALL_PATH = "$(LOCAL_LIBRARY_DIR)/Frameworks";
				LD_RUNPATH_SEARCH_PATHS = (
					"$(inherited)",
					"@executable_path/../Frameworks",
					"@loader_path/Frameworks",
				);
				LOCALIZATION_PREFERS_STRING_CATALOGS = YES;
				MACOSX_DEPLOYMENT_TARGET = 14.0;
				MARKETING_VERSION = 1.0;
				MODULE_VERIFIER_SUPPORTED_LANGUAGES = "objective-c objective-c++";
				MODULE_VERIFIER_SUPPORTED_LANGUAGE_STANDARDS = "gnu17 gnu++20";
				PRODUCT_BUNDLE_IDENTIFIER = helloWorld.EssentialFeed;
				PRODUCT_NAME = "$(TARGET_NAME:c99extidentifier)";
				SDKROOT = macosx;
				SKIP_INSTALL = YES;
				SWIFT_EMIT_LOC_STRINGS = YES;
				SWIFT_VERSION = 5.0;
				VERSIONING_SYSTEM = "apple-generic";
				VERSION_INFO_PREFIX = "";
			};
			name = Release;
		};
		C4C9E8B12B5EC611006BA191 /* Debug */ = {
			isa = XCBuildConfiguration;
			buildSettings = {
				ALWAYS_EMBED_SWIFT_STANDARD_LIBRARIES = YES;
				ASSETCATALOG_COMPILER_GENERATE_SWIFT_ASSET_SYMBOL_EXTENSIONS = YES;
				CODE_SIGN_STYLE = Automatic;
				CURRENT_PROJECT_VERSION = 1;
				DEVELOPMENT_TEAM = FGP9T53Z66;
				GCC_C_LANGUAGE_STANDARD = gnu17;
				GENERATE_INFOPLIST_FILE = YES;
				LOCALIZATION_PREFERS_STRING_CATALOGS = YES;
				MACOSX_DEPLOYMENT_TARGET = 14.0;
				MARKETING_VERSION = 1.0;
				PRODUCT_BUNDLE_IDENTIFIER = helloWorld.EssentialFeedTests;
				PRODUCT_NAME = "$(TARGET_NAME)";
				SDKROOT = macosx;
				SWIFT_ACTIVE_COMPILATION_CONDITIONS = "DEBUG $(inherited)";
				SWIFT_EMIT_LOC_STRINGS = NO;
				SWIFT_VERSION = 5.0;
				TEST_HOST = "$(BUILT_PRODUCTS_DIR)/SwiftEssentialDeveloper.app/$(BUNDLE_EXECUTABLE_FOLDER_PATH)/SwiftEssentialDeveloper";
			};
			name = Debug;
		};
		C4C9E8B22B5EC611006BA191 /* Release */ = {
			isa = XCBuildConfiguration;
			buildSettings = {
				ALWAYS_EMBED_SWIFT_STANDARD_LIBRARIES = YES;
				ASSETCATALOG_COMPILER_GENERATE_SWIFT_ASSET_SYMBOL_EXTENSIONS = YES;
				CODE_SIGN_STYLE = Automatic;
				CURRENT_PROJECT_VERSION = 1;
				DEVELOPMENT_TEAM = FGP9T53Z66;
				GCC_C_LANGUAGE_STANDARD = gnu17;
				GENERATE_INFOPLIST_FILE = YES;
				LOCALIZATION_PREFERS_STRING_CATALOGS = YES;
				MACOSX_DEPLOYMENT_TARGET = 14.0;
				MARKETING_VERSION = 1.0;
				PRODUCT_BUNDLE_IDENTIFIER = helloWorld.EssentialFeedTests;
				PRODUCT_NAME = "$(TARGET_NAME)";
				SDKROOT = macosx;
				SWIFT_EMIT_LOC_STRINGS = NO;
				SWIFT_VERSION = 5.0;
				TEST_HOST = "$(BUILT_PRODUCTS_DIR)/SwiftEssentialDeveloper.app/$(BUNDLE_EXECUTABLE_FOLDER_PATH)/SwiftEssentialDeveloper";
			};
			name = Release;
		};
/* End XCBuildConfiguration section */

/* Begin XCConfigurationList section */
		C45EDD142A40496500B75E74 /* Build configuration list for PBXProject "SwiftEssentialDeveloper" */ = {
			isa = XCConfigurationList;
			buildConfigurations = (
				C45EDD412A40496600B75E74 /* Debug */,
				C45EDD422A40496600B75E74 /* Release */,
			);
			defaultConfigurationIsVisible = 0;
			defaultConfigurationName = Release;
		};
		C4C9E8AC2B5EC611006BA191 /* Build configuration list for PBXNativeTarget "EssentialFeed" */ = {
			isa = XCConfigurationList;
			buildConfigurations = (
				C4C9E8AD2B5EC611006BA191 /* Debug */,
				C4C9E8AE2B5EC611006BA191 /* Release */,
			);
			defaultConfigurationIsVisible = 0;
			defaultConfigurationName = Release;
		};
		C4C9E8B02B5EC611006BA191 /* Build configuration list for PBXNativeTarget "EssentialFeedTests" */ = {
			isa = XCConfigurationList;
			buildConfigurations = (
				C4C9E8B12B5EC611006BA191 /* Debug */,
				C4C9E8B22B5EC611006BA191 /* Release */,
			);
			defaultConfigurationIsVisible = 0;
			defaultConfigurationName = Release;
		};
/* End XCConfigurationList section */
	};
	rootObject = C45EDD112A40496500B75E74 /* Project object */;
}
